
Microsoft Visual Studio Solution File, Format Version 12.00
# Visual Studio Version 17
VisualStudioVersion = 17.0.31912.275
MinimumVisualStudioVersion = 10.0.40219.1
Project("{FAE04EC0-301F-11D3-BF4B-00C04F79EFBC}") = "SmashApp", "SmashApp\SmashApp.csproj", "{37828E01-D8B3-4558-B4F9-19A7CD586929}"
EndProject
Global
	GlobalSection(SolutionConfigurationPlatforms) = preSolution
		Debug|Any CPU = Debug|Any CPU
		Release|Any CPU = Release|Any CPU
	EndGlobalSection
	GlobalSection(ProjectConfigurationPlatforms) = postSolution
		{37828E01-D8B3-4558-B4F9-19A7CD586929}.Debug|Any CPU.ActiveCfg = Debug|Any CPU
		{37828E01-D8B3-4558-B4F9-19A7CD586929}.Debug|Any CPU.Build.0 = Debug|Any CPU
		{37828E01-D8B3-4558-B4F9-19A7CD586929}.Release|Any CPU.ActiveCfg = Release|Any CPU
		{37828E01-D8B3-4558-B4F9-19A7CD586929}.Release|Any CPU.Build.0 = Release|Any CPU
	EndGlobalSection
	GlobalSection(SolutionProperties) = preSolution
		HideSolutionNode = FALSE
	EndGlobalSection
	GlobalSection(ExtensibilityGlobals) = postSolution
		SolutionGuid = {663D5EBF-C9C8-4C85-9E0B-0BFC7D8291B6}
	EndGlobalSection
EndGlobal
